<Solution>
  <Configurations>
    <BuildType Name="Release" />
    <Platform Name="x64" />
  </Configurations>
  <Project Path="helloengine_d2d.exe">
    <Properties Name="DebuggerProjectSystem">
      <Property Name="AttachLaunchAction" Value="No" />
      <Property Name="Environment" Value="默认值" />
      <Property Name="Executable" Value="C:\dev\GameEngineFromScratch\Platform\Windows\helloengine_d2d.exe" />
      <Property Name="IORedirection" Value="Auto" />
      <Property Name="LaunchingEngine" Value="00000000-0000-0000-0000-000000000000" />
      <Property Name="LaunchSQLEngine" Value="No" />
      <Property Name="PortSupplier" Value="00000000-0000-0000-0000-000000000000" />
      <Property Name="RemoteMachine" Value="AAAAA" />
      <Property Name="StartingDirectory" Value="C:\dev\GameEngineFromScratch\Platform\Windows" />
      <Property Name="UseLegacyDebugEngines" Value="No" />
    </Properties>
  </Project>
</Solution>
